{
  "object": {
    "pins": [
      {
        "package": "GameOMatKit",
        "repositoryURL": "/Users/lou/project/GameOMatKit",
        "state": {
          "branch": "master",
          "revision": "0a3f31f329045b966af0f482219f11ec06b17dab",
          "version": null
        }
      }
    ]
  },
  "version": 1
}
