{
  "object": {
    "pins": [
      {
        "package": "GameOMatKit",
        "repositoryURL": "https://github.com/app-o-mat/GameOMatKit",
        "state": {
          "branch": "main",
          "revision": "dc4097b52ca247dbfb1a5d23567a7f6d2e91701f",
          "version": null
        }
      }
    ]
  },
  "version": 1
}
