{
  "object": {
    "pins": [
      {
        "package": "GameOMatKit",
        "repositoryURL": "/Users/lou/project/GameOMatKit",
        "state": {
          "branch": "master",
          "revision": "ec8fe416519cc1493c89a3f8bc18b0ef88da82e4",
          "version": null
        }
      }
    ]
  },
  "version": 1
}
